
Microsoft Visual Studio Solution File, Format Version 12.00
# Visual Studio 2013
VisualStudioVersion = 12.0.30501.0
MinimumVisualStudioVersion = 10.0.40219.1
Project("{FAE04EC0-301F-11D3-BF4B-00C04F79EFBC}") = "MissManners", "MissManners\MissManners.csproj", "{B9773763-742F-4C86-A5CB-FF82285FD249}"
EndProject
Project("{FAE04EC0-301F-11D3-BF4B-00C04F79EFBC}") = "MissManners.Domain", "MissManners.Domain\MissManners.Domain.csproj", "{A13627E3-64E8-4C60-AC9A-F4413C717503}"
EndProject
Project("{FAE04EC0-301F-11D3-BF4B-00C04F79EFBC}") = "MissManners.Rules", "MissManners.Rules\MissManners.Rules.csproj", "{705730F0-2CDA-453C-901D-C154AD4CB636}"
EndProject
Global
	GlobalSection(SolutionConfigurationPlatforms) = preSolution
		Debug|Any CPU = Debug|Any CPU
		Release|Any CPU = Release|Any CPU
	EndGlobalSection
	GlobalSection(ProjectConfigurationPlatforms) = postSolution
		{B9773763-742F-4C86-A5CB-FF82285FD249}.Debug|Any CPU.ActiveCfg = Debug|Any CPU
		{B9773763-742F-4C86-A5CB-FF82285FD249}.Debug|Any CPU.Build.0 = Debug|Any CPU
		{B9773763-742F-4C86-A5CB-FF82285FD249}.Release|Any CPU.ActiveCfg = Release|Any CPU
		{A13627E3-64E8-4C60-AC9A-F4413C717503}.Debug|Any CPU.ActiveCfg = Debug|Any CPU
		{A13627E3-64E8-4C60-AC9A-F4413C717503}.Debug|Any CPU.Build.0 = Debug|Any CPU
		{A13627E3-64E8-4C60-AC9A-F4413C717503}.Release|Any CPU.ActiveCfg = Release|Any CPU
		{A13627E3-64E8-4C60-AC9A-F4413C717503}.Release|Any CPU.Build.0 = Release|Any CPU
		{705730F0-2CDA-453C-901D-C154AD4CB636}.Debug|Any CPU.ActiveCfg = Debug|Any CPU
		{705730F0-2CDA-453C-901D-C154AD4CB636}.Debug|Any CPU.Build.0 = Debug|Any CPU
		{705730F0-2CDA-453C-901D-C154AD4CB636}.Release|Any CPU.ActiveCfg = Release|Any CPU
		{705730F0-2CDA-453C-901D-C154AD4CB636}.Release|Any CPU.Build.0 = Release|Any CPU
	EndGlobalSection
	GlobalSection(SolutionProperties) = preSolution
		HideSolutionNode = FALSE
	EndGlobalSection
	GlobalSection(ExtensibilityGlobals) = postSolution
		SolutionGuid = {85042C3E-6C3B-49BF-BC6A-C76DB2AAE470}
	EndGlobalSection
EndGlobal
