
Microsoft Visual Studio Solution File, Format Version 12.00
# Visual Studio Version 16
VisualStudioVersion = 16.0.30717.126
MinimumVisualStudioVersion = 10.0.40219.1
Project("{FAE04EC0-301F-11D3-BF4B-00C04F79EFBC}") = "MissManners", "MissManners.csproj", "{79F28153-F9F0-46C8-A8D9-51C151DD805E}"
EndProject
Global
	GlobalSection(SolutionConfigurationPlatforms) = preSolution
		Debug|Any CPU = Debug|Any CPU
		Release|Any CPU = Release|Any CPU
	EndGlobalSection
	GlobalSection(ProjectConfigurationPlatforms) = postSolution
		{79F28153-F9F0-46C8-A8D9-51C151DD805E}.Debug|Any CPU.ActiveCfg = Debug|Any CPU
		{79F28153-F9F0-46C8-A8D9-51C151DD805E}.Debug|Any CPU.Build.0 = Debug|Any CPU
		{79F28153-F9F0-46C8-A8D9-51C151DD805E}.Release|Any CPU.ActiveCfg = Release|Any CPU
		{79F28153-F9F0-46C8-A8D9-51C151DD805E}.Release|Any CPU.Build.0 = Release|Any CPU
	EndGlobalSection
	GlobalSection(SolutionProperties) = preSolution
		HideSolutionNode = FALSE
	EndGlobalSection
	GlobalSection(ExtensibilityGlobals) = postSolution
		SolutionGuid = {C5A16FCE-C638-42C1-B068-8A066323792D}
	EndGlobalSection
EndGlobal
