
Microsoft Visual Studio Solution File, Format Version 12.00
Project("{FAE04EC0-301F-11D3-BF4B-00C04F79EFBC}") = "DependencyInjection", "DependencyInjection.csproj", "{83D38D59-C159-44EE-B20B-8B56B739DEA7}"
EndProject
Global
	GlobalSection(SolutionConfigurationPlatforms) = preSolution
		Debug|Any CPU = Debug|Any CPU
		Release|Any CPU = Release|Any CPU
	EndGlobalSection
	GlobalSection(ProjectConfigurationPlatforms) = postSolution
		{83D38D59-C159-44EE-B20B-8B56B739DEA7}.Debug|Any CPU.ActiveCfg = Debug|Any CPU
		{83D38D59-C159-44EE-B20B-8B56B739DEA7}.Debug|Any CPU.Build.0 = Debug|Any CPU
		{83D38D59-C159-44EE-B20B-8B56B739DEA7}.Release|Any CPU.ActiveCfg = Release|Any CPU
		{83D38D59-C159-44EE-B20B-8B56B739DEA7}.Release|Any CPU.Build.0 = Release|Any CPU
	EndGlobalSection
EndGlobal
