
Microsoft Visual Studio Solution File, Format Version 12.00
Project("{FAE04EC0-301F-11D3-BF4B-00C04F79EFBC}") = "NRules.Integration.DependencyInjection", "NRules.Integration.DependencyInjection\NRules.Integration.DependencyInjection.csproj", "{7139E31D-9D5B-4E49-96C4-EC11A867D572}"
EndProject
Project("{FAE04EC0-301F-11D3-BF4B-00C04F79EFBC}") = "NRules.Integration.DependencyInjection.Tests", "NRules.Integration.DependencyInjection.Tests\NRules.Integration.DependencyInjection.Tests.csproj", "{2D1D84B6-DE35-48C1-9250-1C6748F576A3}"
EndProject
Global
	GlobalSection(SolutionConfigurationPlatforms) = preSolution
		Debug|Any CPU = Debug|Any CPU
		Release|Any CPU = Release|Any CPU
	EndGlobalSection
	GlobalSection(ProjectConfigurationPlatforms) = postSolution
		{7139E31D-9D5B-4E49-96C4-EC11A867D572}.Debug|Any CPU.ActiveCfg = Debug|Any CPU
		{7139E31D-9D5B-4E49-96C4-EC11A867D572}.Debug|Any CPU.Build.0 = Debug|Any CPU
		{7139E31D-9D5B-4E49-96C4-EC11A867D572}.Release|Any CPU.ActiveCfg = Release|Any CPU
		{7139E31D-9D5B-4E49-96C4-EC11A867D572}.Release|Any CPU.Build.0 = Release|Any CPU
		{2D1D84B6-DE35-48C1-9250-1C6748F576A3}.Debug|Any CPU.ActiveCfg = Debug|Any CPU
		{2D1D84B6-DE35-48C1-9250-1C6748F576A3}.Debug|Any CPU.Build.0 = Debug|Any CPU
		{2D1D84B6-DE35-48C1-9250-1C6748F576A3}.Release|Any CPU.ActiveCfg = Release|Any CPU
		{2D1D84B6-DE35-48C1-9250-1C6748F576A3}.Release|Any CPU.Build.0 = Release|Any CPU
	EndGlobalSection
EndGlobal
