
Microsoft Visual Studio Solution File, Format Version 12.00
# Visual Studio Version 16
VisualStudioVersion = 16.0.30717.126
MinimumVisualStudioVersion = 10.0.40219.1
Project("{9A19103F-16F7-4668-BE54-9A1E7A4F7556}") = "NRules.Integration.Autofac", "NRules.Integration.Autofac\NRules.Integration.Autofac.csproj", "{CDEA2301-F905-4B46-B791-2E049284D8DB}"
EndProject
Global
	GlobalSection(SolutionConfigurationPlatforms) = preSolution
		Debug|Any CPU = Debug|Any CPU
		Release|Any CPU = Release|Any CPU
	EndGlobalSection
	GlobalSection(ProjectConfigurationPlatforms) = postSolution
		{CDEA2301-F905-4B46-B791-2E049284D8DB}.Debug|Any CPU.ActiveCfg = Debug|Any CPU
		{CDEA2301-F905-4B46-B791-2E049284D8DB}.Debug|Any CPU.Build.0 = Debug|Any CPU
		{CDEA2301-F905-4B46-B791-2E049284D8DB}.Release|Any CPU.ActiveCfg = Release|Any CPU
		{CDEA2301-F905-4B46-B791-2E049284D8DB}.Release|Any CPU.Build.0 = Release|Any CPU
	EndGlobalSection
	GlobalSection(SolutionProperties) = preSolution
		HideSolutionNode = FALSE
	EndGlobalSection
	GlobalSection(ExtensibilityGlobals) = postSolution
		SolutionGuid = {61E3EE45-B1AC-46FE-8BF5-906F2595845E}
	EndGlobalSection
EndGlobal
