
Microsoft Visual Studio Solution File, Format Version 12.00
# Visual Studio Version 17
VisualStudioVersion = 17.13.35913.81 d17.13
MinimumVisualStudioVersion = 10.0.40219.1
Project("{FAE04EC0-301F-11D3-BF4B-00C04F79EFBC}") = "NRules.Integration.SimpleInjector", "NRules.Integration.SimpleInjector\NRules.Integration.SimpleInjector.csproj", "{17400ADB-2CFE-4DC8-92E6-3BB583881F73}"
EndProject
Project("{FAE04EC0-301F-11D3-BF4B-00C04F79EFBC}") = "NRules.Integration.SimpleInjector.Tests", "NRules.Integration.SimpleInjector.Tests\NRules.Integration.SimpleInjector.Tests.csproj", "{EC2252D9-317A-4633-B188-478E91A7CA31}"
EndProject
Global
	GlobalSection(SolutionConfigurationPlatforms) = preSolution
		Debug|Any CPU = Debug|Any CPU
		Release|Any CPU = Release|Any CPU
	EndGlobalSection
	GlobalSection(ProjectConfigurationPlatforms) = postSolution
		{17400ADB-2CFE-4DC8-92E6-3BB583881F73}.Debug|Any CPU.ActiveCfg = Debug|Any CPU
		{17400ADB-2CFE-4DC8-92E6-3BB583881F73}.Debug|Any CPU.Build.0 = Debug|Any CPU
		{17400ADB-2CFE-4DC8-92E6-3BB583881F73}.Release|Any CPU.ActiveCfg = Release|Any CPU
		{17400ADB-2CFE-4DC8-92E6-3BB583881F73}.Release|Any CPU.Build.0 = Release|Any CPU
		{EC2252D9-317A-4633-B188-478E91A7CA31}.Debug|Any CPU.ActiveCfg = Debug|Any CPU
		{EC2252D9-317A-4633-B188-478E91A7CA31}.Debug|Any CPU.Build.0 = Debug|Any CPU
		{EC2252D9-317A-4633-B188-478E91A7CA31}.Release|Any CPU.ActiveCfg = Release|Any CPU
		{EC2252D9-317A-4633-B188-478E91A7CA31}.Release|Any CPU.Build.0 = Release|Any CPU
	EndGlobalSection
	GlobalSection(SolutionProperties) = preSolution
		HideSolutionNode = FALSE
	EndGlobalSection
	GlobalSection(ExtensibilityGlobals) = postSolution
		SolutionGuid = {B0744EE2-7963-4B43-ADB4-E3AAD877E0CF}
	EndGlobalSection
EndGlobal
