
Microsoft Visual Studio Solution File, Format Version 12.00
# Visual Studio 15
VisualStudioVersion = 15.0.26403.3
MinimumVisualStudioVersion = 10.0.40219.1
Project("{2150E333-8FDC-42A3-9474-1A3956D46DE8}") = "Tests", "Tests", "{E24069C8-9A7F-45CA-9B26-39FAB35F9225}"
EndProject
Project("{9A19103F-16F7-4668-BE54-9A1E7A4F7556}") = "NRules", "NRules\NRules.csproj", "{3C75925E-A473-4B83-9843-3544EC5937B4}"
EndProject
Project("{9A19103F-16F7-4668-BE54-9A1E7A4F7556}") = "NRules.Fluent", "NRules.Fluent\NRules.Fluent.csproj", "{FEFC5C35-78AE-4E73-BA00-E354B1836C08}"
EndProject
Project("{9A19103F-16F7-4668-BE54-9A1E7A4F7556}") = "NRules.RuleModel", "NRules.RuleModel\NRules.RuleModel.csproj", "{B4664C52-930C-4A3D-BB44-7D3C150287F8}"
EndProject
Project("{9A19103F-16F7-4668-BE54-9A1E7A4F7556}") = "NRules.Tests", "Tests\NRules.Tests\NRules.Tests.csproj", "{44552136-3A20-4F8C-999A-835048FF6101}"
EndProject
Project("{9A19103F-16F7-4668-BE54-9A1E7A4F7556}") = "NRules.IntegrationTests", "Tests\NRules.IntegrationTests\NRules.IntegrationTests.csproj", "{2C323E3F-4A00-46C0-919F-90CCB4F601D9}"
EndProject
Global
	GlobalSection(SolutionConfigurationPlatforms) = preSolution
		Debug|Any CPU = Debug|Any CPU
		Release|Any CPU = Release|Any CPU
	EndGlobalSection
	GlobalSection(ProjectConfigurationPlatforms) = postSolution
		{3C75925E-A473-4B83-9843-3544EC5937B4}.Debug|Any CPU.ActiveCfg = Debug|Any CPU
		{3C75925E-A473-4B83-9843-3544EC5937B4}.Debug|Any CPU.Build.0 = Debug|Any CPU
		{3C75925E-A473-4B83-9843-3544EC5937B4}.Release|Any CPU.ActiveCfg = Release|Any CPU
		{3C75925E-A473-4B83-9843-3544EC5937B4}.Release|Any CPU.Build.0 = Release|Any CPU
		{FEFC5C35-78AE-4E73-BA00-E354B1836C08}.Debug|Any CPU.ActiveCfg = Debug|Any CPU
		{FEFC5C35-78AE-4E73-BA00-E354B1836C08}.Debug|Any CPU.Build.0 = Debug|Any CPU
		{FEFC5C35-78AE-4E73-BA00-E354B1836C08}.Release|Any CPU.ActiveCfg = Release|Any CPU
		{FEFC5C35-78AE-4E73-BA00-E354B1836C08}.Release|Any CPU.Build.0 = Release|Any CPU
		{B4664C52-930C-4A3D-BB44-7D3C150287F8}.Debug|Any CPU.ActiveCfg = Debug|Any CPU
		{B4664C52-930C-4A3D-BB44-7D3C150287F8}.Debug|Any CPU.Build.0 = Debug|Any CPU
		{B4664C52-930C-4A3D-BB44-7D3C150287F8}.Release|Any CPU.ActiveCfg = Release|Any CPU
		{B4664C52-930C-4A3D-BB44-7D3C150287F8}.Release|Any CPU.Build.0 = Release|Any CPU
		{44552136-3A20-4F8C-999A-835048FF6101}.Debug|Any CPU.ActiveCfg = Debug|Any CPU
		{44552136-3A20-4F8C-999A-835048FF6101}.Debug|Any CPU.Build.0 = Debug|Any CPU
		{44552136-3A20-4F8C-999A-835048FF6101}.Release|Any CPU.ActiveCfg = Release|Any CPU
		{44552136-3A20-4F8C-999A-835048FF6101}.Release|Any CPU.Build.0 = Release|Any CPU
		{2C323E3F-4A00-46C0-919F-90CCB4F601D9}.Debug|Any CPU.ActiveCfg = Debug|Any CPU
		{2C323E3F-4A00-46C0-919F-90CCB4F601D9}.Debug|Any CPU.Build.0 = Debug|Any CPU
		{2C323E3F-4A00-46C0-919F-90CCB4F601D9}.Release|Any CPU.ActiveCfg = Release|Any CPU
		{2C323E3F-4A00-46C0-919F-90CCB4F601D9}.Release|Any CPU.Build.0 = Release|Any CPU
	EndGlobalSection
	GlobalSection(SolutionProperties) = preSolution
		HideSolutionNode = FALSE
	EndGlobalSection
	GlobalSection(NestedProjects) = preSolution
		{44552136-3A20-4F8C-999A-835048FF6101} = {E24069C8-9A7F-45CA-9B26-39FAB35F9225}
		{2C323E3F-4A00-46C0-919F-90CCB4F601D9} = {E24069C8-9A7F-45CA-9B26-39FAB35F9225}
	EndGlobalSection
EndGlobal
