
Microsoft Visual Studio Solution File, Format Version 11.00
# Visual Studio 2010
Project("{FAE04EC0-301F-11D3-BF4B-00C04F79EFBC}") = "NRules", "NRules\NRules.csproj", "{D60C7588-09B6-47DA-9459-4C88363E3EAE}"
EndProject
Project("{FAE04EC0-301F-11D3-BF4B-00C04F79EFBC}") = "NRules.Tests", "Tests\NRules.Tests\NRules.Tests.csproj", "{B13BAC49-AF13-47E2-95F0-0C2CAF9A0257}"
EndProject
Project("{FAE04EC0-301F-11D3-BF4B-00C04F79EFBC}") = "NRules.IntegrationTests", "Tests\NRules.IntegrationTests\NRules.IntegrationTests.csproj", "{08DB9D89-412B-405A-813A-E19261039881}"
EndProject
Project("{FAE04EC0-301F-11D3-BF4B-00C04F79EFBC}") = "NRules.RuleModel", "NRules.RuleModel\NRules.RuleModel.csproj", "{898356F3-1B5A-4D70-A20A-544997E30AB7}"
EndProject
Project("{2150E333-8FDC-42A3-9474-1A3956D46DE8}") = "Tests", "Tests", "{5FD32CBA-26E2-46D3-B10A-E6C4133EE341}"
EndProject
Project("{FAE04EC0-301F-11D3-BF4B-00C04F79EFBC}") = "NRules.Rule.Tests", "Tests\NRules.Rule.Tests\NRules.Rule.Tests.csproj", "{6A168332-B40F-4DC8-9899-33AE10DDAC4F}"
EndProject
Project("{FAE04EC0-301F-11D3-BF4B-00C04F79EFBC}") = "NRules.Fluent", "NRules.Fluent\NRules.Fluent.csproj", "{B68D0662-BB3B-4183-85F0-E00875A95BB4}"
EndProject
Global
	GlobalSection(SolutionConfigurationPlatforms) = preSolution
		Debug|Any CPU = Debug|Any CPU
		Debug|Mixed Platforms = Debug|Mixed Platforms
		Debug|x86 = Debug|x86
		Release|Any CPU = Release|Any CPU
		Release|Mixed Platforms = Release|Mixed Platforms
		Release|x86 = Release|x86
	EndGlobalSection
	GlobalSection(ProjectConfigurationPlatforms) = postSolution
		{D60C7588-09B6-47DA-9459-4C88363E3EAE}.Debug|Any CPU.ActiveCfg = Debug|Any CPU
		{D60C7588-09B6-47DA-9459-4C88363E3EAE}.Debug|Any CPU.Build.0 = Debug|Any CPU
		{D60C7588-09B6-47DA-9459-4C88363E3EAE}.Debug|Mixed Platforms.ActiveCfg = Debug|Any CPU
		{D60C7588-09B6-47DA-9459-4C88363E3EAE}.Debug|Mixed Platforms.Build.0 = Debug|Any CPU
		{D60C7588-09B6-47DA-9459-4C88363E3EAE}.Debug|x86.ActiveCfg = Debug|Any CPU
		{D60C7588-09B6-47DA-9459-4C88363E3EAE}.Release|Any CPU.ActiveCfg = Release|Any CPU
		{D60C7588-09B6-47DA-9459-4C88363E3EAE}.Release|Any CPU.Build.0 = Release|Any CPU
		{D60C7588-09B6-47DA-9459-4C88363E3EAE}.Release|Mixed Platforms.ActiveCfg = Release|Any CPU
		{D60C7588-09B6-47DA-9459-4C88363E3EAE}.Release|Mixed Platforms.Build.0 = Release|Any CPU
		{D60C7588-09B6-47DA-9459-4C88363E3EAE}.Release|x86.ActiveCfg = Release|Any CPU
		{B13BAC49-AF13-47E2-95F0-0C2CAF9A0257}.Debug|Any CPU.ActiveCfg = Debug|Any CPU
		{B13BAC49-AF13-47E2-95F0-0C2CAF9A0257}.Debug|Any CPU.Build.0 = Debug|Any CPU
		{B13BAC49-AF13-47E2-95F0-0C2CAF9A0257}.Debug|Mixed Platforms.ActiveCfg = Debug|Any CPU
		{B13BAC49-AF13-47E2-95F0-0C2CAF9A0257}.Debug|Mixed Platforms.Build.0 = Debug|Any CPU
		{B13BAC49-AF13-47E2-95F0-0C2CAF9A0257}.Debug|x86.ActiveCfg = Debug|Any CPU
		{B13BAC49-AF13-47E2-95F0-0C2CAF9A0257}.Release|Any CPU.ActiveCfg = Release|Any CPU
		{B13BAC49-AF13-47E2-95F0-0C2CAF9A0257}.Release|Any CPU.Build.0 = Release|Any CPU
		{B13BAC49-AF13-47E2-95F0-0C2CAF9A0257}.Release|Mixed Platforms.ActiveCfg = Release|Any CPU
		{B13BAC49-AF13-47E2-95F0-0C2CAF9A0257}.Release|Mixed Platforms.Build.0 = Release|Any CPU
		{B13BAC49-AF13-47E2-95F0-0C2CAF9A0257}.Release|x86.ActiveCfg = Release|Any CPU
		{08DB9D89-412B-405A-813A-E19261039881}.Debug|Any CPU.ActiveCfg = Debug|Any CPU
		{08DB9D89-412B-405A-813A-E19261039881}.Debug|Any CPU.Build.0 = Debug|Any CPU
		{08DB9D89-412B-405A-813A-E19261039881}.Debug|Mixed Platforms.ActiveCfg = Debug|Any CPU
		{08DB9D89-412B-405A-813A-E19261039881}.Debug|Mixed Platforms.Build.0 = Debug|Any CPU
		{08DB9D89-412B-405A-813A-E19261039881}.Debug|x86.ActiveCfg = Debug|Any CPU
		{08DB9D89-412B-405A-813A-E19261039881}.Release|Any CPU.ActiveCfg = Release|Any CPU
		{08DB9D89-412B-405A-813A-E19261039881}.Release|Any CPU.Build.0 = Release|Any CPU
		{08DB9D89-412B-405A-813A-E19261039881}.Release|Mixed Platforms.ActiveCfg = Release|Any CPU
		{08DB9D89-412B-405A-813A-E19261039881}.Release|Mixed Platforms.Build.0 = Release|Any CPU
		{08DB9D89-412B-405A-813A-E19261039881}.Release|x86.ActiveCfg = Release|Any CPU
		{898356F3-1B5A-4D70-A20A-544997E30AB7}.Debug|Any CPU.ActiveCfg = Debug|Any CPU
		{898356F3-1B5A-4D70-A20A-544997E30AB7}.Debug|Any CPU.Build.0 = Debug|Any CPU
		{898356F3-1B5A-4D70-A20A-544997E30AB7}.Debug|Mixed Platforms.ActiveCfg = Debug|Any CPU
		{898356F3-1B5A-4D70-A20A-544997E30AB7}.Debug|Mixed Platforms.Build.0 = Debug|Any CPU
		{898356F3-1B5A-4D70-A20A-544997E30AB7}.Debug|x86.ActiveCfg = Debug|Any CPU
		{898356F3-1B5A-4D70-A20A-544997E30AB7}.Release|Any CPU.ActiveCfg = Release|Any CPU
		{898356F3-1B5A-4D70-A20A-544997E30AB7}.Release|Any CPU.Build.0 = Release|Any CPU
		{898356F3-1B5A-4D70-A20A-544997E30AB7}.Release|Mixed Platforms.ActiveCfg = Release|Any CPU
		{898356F3-1B5A-4D70-A20A-544997E30AB7}.Release|Mixed Platforms.Build.0 = Release|Any CPU
		{898356F3-1B5A-4D70-A20A-544997E30AB7}.Release|x86.ActiveCfg = Release|Any CPU
		{6A168332-B40F-4DC8-9899-33AE10DDAC4F}.Debug|Any CPU.ActiveCfg = Debug|Any CPU
		{6A168332-B40F-4DC8-9899-33AE10DDAC4F}.Debug|Any CPU.Build.0 = Debug|Any CPU
		{6A168332-B40F-4DC8-9899-33AE10DDAC4F}.Debug|Mixed Platforms.ActiveCfg = Debug|Any CPU
		{6A168332-B40F-4DC8-9899-33AE10DDAC4F}.Debug|Mixed Platforms.Build.0 = Debug|Any CPU
		{6A168332-B40F-4DC8-9899-33AE10DDAC4F}.Debug|x86.ActiveCfg = Debug|Any CPU
		{6A168332-B40F-4DC8-9899-33AE10DDAC4F}.Release|Any CPU.ActiveCfg = Release|Any CPU
		{6A168332-B40F-4DC8-9899-33AE10DDAC4F}.Release|Any CPU.Build.0 = Release|Any CPU
		{6A168332-B40F-4DC8-9899-33AE10DDAC4F}.Release|Mixed Platforms.ActiveCfg = Release|Any CPU
		{6A168332-B40F-4DC8-9899-33AE10DDAC4F}.Release|Mixed Platforms.Build.0 = Release|Any CPU
		{6A168332-B40F-4DC8-9899-33AE10DDAC4F}.Release|x86.ActiveCfg = Release|Any CPU
		{B68D0662-BB3B-4183-85F0-E00875A95BB4}.Debug|Any CPU.ActiveCfg = Debug|Any CPU
		{B68D0662-BB3B-4183-85F0-E00875A95BB4}.Debug|Any CPU.Build.0 = Debug|Any CPU
		{B68D0662-BB3B-4183-85F0-E00875A95BB4}.Debug|Mixed Platforms.ActiveCfg = Debug|Any CPU
		{B68D0662-BB3B-4183-85F0-E00875A95BB4}.Debug|Mixed Platforms.Build.0 = Debug|Any CPU
		{B68D0662-BB3B-4183-85F0-E00875A95BB4}.Debug|x86.ActiveCfg = Debug|Any CPU
		{B68D0662-BB3B-4183-85F0-E00875A95BB4}.Release|Any CPU.ActiveCfg = Release|Any CPU
		{B68D0662-BB3B-4183-85F0-E00875A95BB4}.Release|Any CPU.Build.0 = Release|Any CPU
		{B68D0662-BB3B-4183-85F0-E00875A95BB4}.Release|Mixed Platforms.ActiveCfg = Release|Any CPU
		{B68D0662-BB3B-4183-85F0-E00875A95BB4}.Release|Mixed Platforms.Build.0 = Release|Any CPU
		{B68D0662-BB3B-4183-85F0-E00875A95BB4}.Release|x86.ActiveCfg = Release|Any CPU
	EndGlobalSection
	GlobalSection(SolutionProperties) = preSolution
		HideSolutionNode = FALSE
	EndGlobalSection
	GlobalSection(NestedProjects) = preSolution
		{08DB9D89-412B-405A-813A-E19261039881} = {5FD32CBA-26E2-46D3-B10A-E6C4133EE341}
		{B13BAC49-AF13-47E2-95F0-0C2CAF9A0257} = {5FD32CBA-26E2-46D3-B10A-E6C4133EE341}
		{6A168332-B40F-4DC8-9899-33AE10DDAC4F} = {5FD32CBA-26E2-46D3-B10A-E6C4133EE341}
	EndGlobalSection
EndGlobal
